
Microsoft Visual Studio Solution File, Format Version 12.00
# Visual Studio Version 17
VisualStudioVersion = 17.3.32804.467
MinimumVisualStudioVersion = 10.0.40219.1
Project("{FAE04EC0-301F-11D3-BF4B-00C04F79EFBC}") = "practice 3", "practice 3\practice 3.csproj", "{1E4DCF11-F41B-49EC-823A-C43B896B66BD}"
EndProject
Global
	GlobalSection(SolutionConfigurationPlatforms) = preSolution
		Debug|Any CPU = Debug|Any CPU
		Release|Any CPU = Release|Any CPU
	EndGlobalSection
	GlobalSection(ProjectConfigurationPlatforms) = postSolution
		{1E4DCF11-F41B-49EC-823A-C43B896B66BD}.Debug|Any CPU.ActiveCfg = Debug|Any CPU
		{1E4DCF11-F41B-49EC-823A-C43B896B66BD}.Debug|Any CPU.Build.0 = Debug|Any CPU
		{1E4DCF11-F41B-49EC-823A-C43B896B66BD}.Release|Any CPU.ActiveCfg = Release|Any CPU
		{1E4DCF11-F41B-49EC-823A-C43B896B66BD}.Release|Any CPU.Build.0 = Release|Any CPU
	EndGlobalSection
	GlobalSection(SolutionProperties) = preSolution
		HideSolutionNode = FALSE
	EndGlobalSection
	GlobalSection(ExtensibilityGlobals) = postSolution
		SolutionGuid = {FFC859B1-89D1-4F2A-AAF5-AC3247FB2F27}
	EndGlobalSection
EndGlobal
